
Microsoft Visual Studio Solution File, Format Version 12.00
# Visual Studio 2013
VisualStudioVersion = 12.0.40629.0
MinimumVisualStudioVersion = 10.0.40219.1
Project("{FAE04EC0-301F-11D3-BF4B-00C04F79EFBC}") = "PowerSlider", "PowerSlider\PowerSlider.csproj", "{B203862F-166B-4BDA-986D-1C91E880ECCF}"
EndProject
Global
	GlobalSection(SolutionConfigurationPlatforms) = preSolution
		Debug|Any CPU = Debug|Any CPU
		Release|Any CPU = Release|Any CPU
	EndGlobalSection
	GlobalSection(ProjectConfigurationPlatforms) = postSolution
		{B203862F-166B-4BDA-986D-1C91E880ECCF}.Debug|Any CPU.ActiveCfg = Debug|Any CPU
		{B203862F-166B-4BDA-986D-1C91E880ECCF}.Debug|Any CPU.Build.0 = Debug|Any CPU
		{B203862F-166B-4BDA-986D-1C91E880ECCF}.Release|Any CPU.ActiveCfg = Release|Any CPU
		{B203862F-166B-4BDA-986D-1C91E880ECCF}.Release|Any CPU.Build.0 = Release|Any CPU
	EndGlobalSection
	GlobalSection(SolutionProperties) = preSolution
		HideSolutionNode = FALSE
	EndGlobalSection
EndGlobal
